{
  "object": {
    "pins": [
      {
        "package": "StreamKit",
        "repositoryURL": "https://github.com/skylab-inc/StreamKit.git",
        "state": {
          "branch": null,
          "revision": "555837e694e11d06f9e4250f911335477e3b249b",
          "version": "0.7.0"
        }
      }
    ]
  },
  "version": 1
}
