// !$*UTF8*$!
{
	archiveVersion = 1;
	classes = {
	};
	objectVersion = 46;
	objects = {

/* Begin PBXBuildFile section */
		_LinkFileRef_C7_via_Edge /* C7.framework in Frameworks */ = {isa = PBXBuildFile; fileRef = "_____Product_C7" /* C7.framework */; };
		_LinkFileRef_C7_via_IOStream /* C7.framework in Frameworks */ = {isa = PBXBuildFile; fileRef = "_____Product_C7" /* C7.framework */; };
		_LinkFileRef_C7_via_Log /* C7.framework in Frameworks */ = {isa = PBXBuildFile; fileRef = "_____Product_C7" /* C7.framework */; };
		_LinkFileRef_C7_via_POSIXExtensions /* C7.framework in Frameworks */ = {isa = PBXBuildFile; fileRef = "_____Product_C7" /* C7.framework */; };
		_LinkFileRef_C7_via_Reactive /* C7.framework in Frameworks */ = {isa = PBXBuildFile; fileRef = "_____Product_C7" /* C7.framework */; };
		_LinkFileRef_C7_via_RunLoop /* C7.framework in Frameworks */ = {isa = PBXBuildFile; fileRef = "_____Product_C7" /* C7.framework */; };
		_LinkFileRef_C7_via_TCP /* C7.framework in Frameworks */ = {isa = PBXBuildFile; fileRef = "_____Product_C7" /* C7.framework */; };
		_LinkFileRef_C7_via_TCPTestSuite /* C7.framework in Frameworks */ = {isa = PBXBuildFile; fileRef = "_____Product_C7" /* C7.framework */; };
		_LinkFileRef_IOStream_via_Edge /* IOStream.framework in Frameworks */ = {isa = PBXBuildFile; fileRef = "_____Product_IOStream" /* IOStream.framework */; };
		_LinkFileRef_IOStream_via_TCP /* IOStream.framework in Frameworks */ = {isa = PBXBuildFile; fileRef = "_____Product_IOStream" /* IOStream.framework */; };
		_LinkFileRef_IOStream_via_TCPTestSuite /* IOStream.framework in Frameworks */ = {isa = PBXBuildFile; fileRef = "_____Product_IOStream" /* IOStream.framework */; };
		_LinkFileRef_Log_via_Edge /* Log.framework in Frameworks */ = {isa = PBXBuildFile; fileRef = "_____Product_Log" /* Log.framework */; };
		_LinkFileRef_Log_via_IOStream /* Log.framework in Frameworks */ = {isa = PBXBuildFile; fileRef = "_____Product_Log" /* Log.framework */; };
		_LinkFileRef_Log_via_POSIXExtensions /* Log.framework in Frameworks */ = {isa = PBXBuildFile; fileRef = "_____Product_Log" /* Log.framework */; };
		_LinkFileRef_Log_via_Reactive /* Log.framework in Frameworks */ = {isa = PBXBuildFile; fileRef = "_____Product_Log" /* Log.framework */; };
		_LinkFileRef_Log_via_RunLoop /* Log.framework in Frameworks */ = {isa = PBXBuildFile; fileRef = "_____Product_Log" /* Log.framework */; };
		_LinkFileRef_Log_via_TCP /* Log.framework in Frameworks */ = {isa = PBXBuildFile; fileRef = "_____Product_Log" /* Log.framework */; };
		_LinkFileRef_Log_via_TCPTestSuite /* Log.framework in Frameworks */ = {isa = PBXBuildFile; fileRef = "_____Product_Log" /* Log.framework */; };
		_LinkFileRef_POSIXExtensions_via_Edge /* POSIXExtensions.framework in Frameworks */ = {isa = PBXBuildFile; fileRef = "_____Product_POSIXExtensions" /* POSIXExtensions.framework */; };
		_LinkFileRef_POSIXExtensions_via_IOStream /* POSIXExtensions.framework in Frameworks */ = {isa = PBXBuildFile; fileRef = "_____Product_POSIXExtensions" /* POSIXExtensions.framework */; };
		_LinkFileRef_POSIXExtensions_via_TCP /* POSIXExtensions.framework in Frameworks */ = {isa = PBXBuildFile; fileRef = "_____Product_POSIXExtensions" /* POSIXExtensions.framework */; };
		_LinkFileRef_POSIXExtensions_via_TCPTestSuite /* POSIXExtensions.framework in Frameworks */ = {isa = PBXBuildFile; fileRef = "_____Product_POSIXExtensions" /* POSIXExtensions.framework */; };
		_LinkFileRef_POSIX_via_Edge /* POSIX.framework in Frameworks */ = {isa = PBXBuildFile; fileRef = "_____Product_POSIX" /* POSIX.framework */; };
		_LinkFileRef_POSIX_via_IOStream /* POSIX.framework in Frameworks */ = {isa = PBXBuildFile; fileRef = "_____Product_POSIX" /* POSIX.framework */; };
		_LinkFileRef_POSIX_via_POSIXExtensions /* POSIX.framework in Frameworks */ = {isa = PBXBuildFile; fileRef = "_____Product_POSIX" /* POSIX.framework */; };
		_LinkFileRef_POSIX_via_RunLoop /* POSIX.framework in Frameworks */ = {isa = PBXBuildFile; fileRef = "_____Product_POSIX" /* POSIX.framework */; };
		_LinkFileRef_POSIX_via_TCP /* POSIX.framework in Frameworks */ = {isa = PBXBuildFile; fileRef = "_____Product_POSIX" /* POSIX.framework */; };
		_LinkFileRef_POSIX_via_TCPTestSuite /* POSIX.framework in Frameworks */ = {isa = PBXBuildFile; fileRef = "_____Product_POSIX" /* POSIX.framework */; };
		_LinkFileRef_Reactive_via_Edge /* Reactive.framework in Frameworks */ = {isa = PBXBuildFile; fileRef = "_____Product_Reactive" /* Reactive.framework */; };
		_LinkFileRef_Reactive_via_IOStream /* Reactive.framework in Frameworks */ = {isa = PBXBuildFile; fileRef = "_____Product_Reactive" /* Reactive.framework */; };
		_LinkFileRef_Reactive_via_POSIXExtensions /* Reactive.framework in Frameworks */ = {isa = PBXBuildFile; fileRef = "_____Product_Reactive" /* Reactive.framework */; };
		_LinkFileRef_Reactive_via_RunLoop /* Reactive.framework in Frameworks */ = {isa = PBXBuildFile; fileRef = "_____Product_Reactive" /* Reactive.framework */; };
		_LinkFileRef_Reactive_via_TCP /* Reactive.framework in Frameworks */ = {isa = PBXBuildFile; fileRef = "_____Product_Reactive" /* Reactive.framework */; };
		_LinkFileRef_Reactive_via_TCPTestSuite /* Reactive.framework in Frameworks */ = {isa = PBXBuildFile; fileRef = "_____Product_Reactive" /* Reactive.framework */; };
		_LinkFileRef_RunLoop_via_Edge /* RunLoop.framework in Frameworks */ = {isa = PBXBuildFile; fileRef = "_____Product_RunLoop" /* RunLoop.framework */; };
		_LinkFileRef_TCP_via_Edge /* TCP.framework in Frameworks */ = {isa = PBXBuildFile; fileRef = "_____Product_TCP" /* TCP.framework */; };
		_LinkFileRef_TCP_via_TCPTestSuite /* TCP.framework in Frameworks */ = {isa = PBXBuildFile; fileRef = "_____Product_TCP" /* TCP.framework */; };
		"__src_cc_ref_Packages/C7-0.8.1/Sources/AsyncConnection.swift" /* AsyncConnection.swift in Sources */ = {isa = PBXBuildFile; fileRef = "__PBXFileRef_Packages/C7-0.8.1/Sources/AsyncConnection.swift" /* AsyncConnection.swift */; };
		"__src_cc_ref_Packages/C7-0.8.1/Sources/AsyncDrain.swift" /* AsyncDrain.swift in Sources */ = {isa = PBXBuildFile; fileRef = "__PBXFileRef_Packages/C7-0.8.1/Sources/AsyncDrain.swift" /* AsyncDrain.swift */; };
		"__src_cc_ref_Packages/C7-0.8.1/Sources/AsyncHost.swift" /* AsyncHost.swift in Sources */ = {isa = PBXBuildFile; fileRef = "__PBXFileRef_Packages/C7-0.8.1/Sources/AsyncHost.swift" /* AsyncHost.swift */; };
		"__src_cc_ref_Packages/C7-0.8.1/Sources/AsyncStream.swift" /* AsyncStream.swift in Sources */ = {isa = PBXBuildFile; fileRef = "__PBXFileRef_Packages/C7-0.8.1/Sources/AsyncStream.swift" /* AsyncStream.swift */; };
		"__src_cc_ref_Packages/C7-0.8.1/Sources/AsyncURIConnection.swift" /* AsyncURIConnection.swift in Sources */ = {isa = PBXBuildFile; fileRef = "__PBXFileRef_Packages/C7-0.8.1/Sources/AsyncURIConnection.swift" /* AsyncURIConnection.swift */; };
		"__src_cc_ref_Packages/C7-0.8.1/Sources/Byte.swift" /* Byte.swift in Sources */ = {isa = PBXBuildFile; fileRef = "__PBXFileRef_Packages/C7-0.8.1/Sources/Byte.swift" /* Byte.swift */; };
		"__src_cc_ref_Packages/C7-0.8.1/Sources/C7.swift" /* C7.swift in Sources */ = {isa = PBXBuildFile; fileRef = "__PBXFileRef_Packages/C7-0.8.1/Sources/C7.swift" /* C7.swift */; };
		"__src_cc_ref_Packages/C7-0.8.1/Sources/CaseInsensitiveString.swift" /* CaseInsensitiveString.swift in Sources */ = {isa = PBXBuildFile; fileRef = "__PBXFileRef_Packages/C7-0.8.1/Sources/CaseInsensitiveString.swift" /* CaseInsensitiveString.swift */; };
		"__src_cc_ref_Packages/C7-0.8.1/Sources/Closable.swift" /* Closable.swift in Sources */ = {isa = PBXBuildFile; fileRef = "__PBXFileRef_Packages/C7-0.8.1/Sources/Closable.swift" /* Closable.swift */; };
		"__src_cc_ref_Packages/C7-0.8.1/Sources/Connection.swift" /* Connection.swift in Sources */ = {isa = PBXBuildFile; fileRef = "__PBXFileRef_Packages/C7-0.8.1/Sources/Connection.swift" /* Connection.swift */; };
		"__src_cc_ref_Packages/C7-0.8.1/Sources/CustomDataStore.swift" /* CustomDataStore.swift in Sources */ = {isa = PBXBuildFile; fileRef = "__PBXFileRef_Packages/C7-0.8.1/Sources/CustomDataStore.swift" /* CustomDataStore.swift */; };
		"__src_cc_ref_Packages/C7-0.8.1/Sources/Data.swift" /* Data.swift in Sources */ = {isa = PBXBuildFile; fileRef = "__PBXFileRef_Packages/C7-0.8.1/Sources/Data.swift" /* Data.swift */; };
		"__src_cc_ref_Packages/C7-0.8.1/Sources/Drain.swift" /* Drain.swift in Sources */ = {isa = PBXBuildFile; fileRef = "__PBXFileRef_Packages/C7-0.8.1/Sources/Drain.swift" /* Drain.swift */; };
		"__src_cc_ref_Packages/C7-0.8.1/Sources/Host.swift" /* Host.swift in Sources */ = {isa = PBXBuildFile; fileRef = "__PBXFileRef_Packages/C7-0.8.1/Sources/Host.swift" /* Host.swift */; };
		"__src_cc_ref_Packages/C7-0.8.1/Sources/JSON.swift" /* JSON.swift in Sources */ = {isa = PBXBuildFile; fileRef = "__PBXFileRef_Packages/C7-0.8.1/Sources/JSON.swift" /* JSON.swift */; };
		"__src_cc_ref_Packages/C7-0.8.1/Sources/Number.swift" /* Number.swift in Sources */ = {isa = PBXBuildFile; fileRef = "__PBXFileRef_Packages/C7-0.8.1/Sources/Number.swift" /* Number.swift */; };
		"__src_cc_ref_Packages/C7-0.8.1/Sources/Stream.swift" /* Stream.swift in Sources */ = {isa = PBXBuildFile; fileRef = "__PBXFileRef_Packages/C7-0.8.1/Sources/Stream.swift" /* Stream.swift */; };
		"__src_cc_ref_Packages/C7-0.8.1/Sources/StreamError.swift" /* StreamError.swift in Sources */ = {isa = PBXBuildFile; fileRef = "__PBXFileRef_Packages/C7-0.8.1/Sources/StreamError.swift" /* StreamError.swift */; };
		"__src_cc_ref_Packages/C7-0.8.1/Sources/StreamSequence.swift" /* StreamSequence.swift in Sources */ = {isa = PBXBuildFile; fileRef = "__PBXFileRef_Packages/C7-0.8.1/Sources/StreamSequence.swift" /* StreamSequence.swift */; };
		"__src_cc_ref_Packages/C7-0.8.1/Sources/StructuredData.swift" /* StructuredData.swift in Sources */ = {isa = PBXBuildFile; fileRef = "__PBXFileRef_Packages/C7-0.8.1/Sources/StructuredData.swift" /* StructuredData.swift */; };
		"__src_cc_ref_Packages/C7-0.8.1/Sources/Time.swift" /* Time.swift in Sources */ = {isa = PBXBuildFile; fileRef = "__PBXFileRef_Packages/C7-0.8.1/Sources/Time.swift" /* Time.swift */; };
		"__src_cc_ref_Packages/C7-0.8.1/Sources/URI.swift" /* URI.swift in Sources */ = {isa = PBXBuildFile; fileRef = "__PBXFileRef_Packages/C7-0.8.1/Sources/URI.swift" /* URI.swift */; };
		"__src_cc_ref_Packages/C7-0.8.1/Sources/URIConnection.swift" /* URIConnection.swift in Sources */ = {isa = PBXBuildFile; fileRef = "__PBXFileRef_Packages/C7-0.8.1/Sources/URIConnection.swift" /* URIConnection.swift */; };
		"__src_cc_ref_Packages/Log-0.8.2/Source/Appender.swift" /* Appender.swift in Sources */ = {isa = PBXBuildFile; fileRef = "__PBXFileRef_Packages/Log-0.8.2/Source/Appender.swift" /* Appender.swift */; };
		"__src_cc_ref_Packages/Log-0.8.2/Source/LocationInfo.swift" /* LocationInfo.swift in Sources */ = {isa = PBXBuildFile; fileRef = "__PBXFileRef_Packages/Log-0.8.2/Source/LocationInfo.swift" /* LocationInfo.swift */; };
		"__src_cc_ref_Packages/Log-0.8.2/Source/Log.swift" /* Log.swift in Sources */ = {isa = PBXBuildFile; fileRef = "__PBXFileRef_Packages/Log-0.8.2/Source/Log.swift" /* Log.swift */; };
		"__src_cc_ref_Packages/Log-0.8.2/Source/Logger.swift" /* Logger.swift in Sources */ = {isa = PBXBuildFile; fileRef = "__PBXFileRef_Packages/Log-0.8.2/Source/Logger.swift" /* Logger.swift */; };
		"__src_cc_ref_Packages/Log-0.8.2/Source/LoggingEvent.swift" /* LoggingEvent.swift in Sources */ = {isa = PBXBuildFile; fileRef = "__PBXFileRef_Packages/Log-0.8.2/Source/LoggingEvent.swift" /* LoggingEvent.swift */; };
		"__src_cc_ref_Packages/Log-0.8.2/Source/StandardOutputAppender.swift" /* StandardOutputAppender.swift in Sources */ = {isa = PBXBuildFile; fileRef = "__PBXFileRef_Packages/Log-0.8.2/Source/StandardOutputAppender.swift" /* StandardOutputAppender.swift */; };
		"__src_cc_ref_Packages/POSIX-0.5.1/Sources/POSIX.swift" /* POSIX.swift in Sources */ = {isa = PBXBuildFile; fileRef = "__PBXFileRef_Packages/POSIX-0.5.1/Sources/POSIX.swift" /* POSIX.swift */; };
		"__src_cc_ref_Packages/Reactive-0.0.6/Sources/Bag.swift" /* Bag.swift in Sources */ = {isa = PBXBuildFile; fileRef = "__PBXFileRef_Packages/Reactive-0.0.6/Sources/Bag.swift" /* Bag.swift */; };
		"__src_cc_ref_Packages/Reactive-0.0.6/Sources/ColdSignal.swift" /* ColdSignal.swift in Sources */ = {isa = PBXBuildFile; fileRef = "__PBXFileRef_Packages/Reactive-0.0.6/Sources/ColdSignal.swift" /* ColdSignal.swift */; };
		"__src_cc_ref_Packages/Reactive-0.0.6/Sources/Disposable.swift" /* Disposable.swift in Sources */ = {isa = PBXBuildFile; fileRef = "__PBXFileRef_Packages/Reactive-0.0.6/Sources/Disposable.swift" /* Disposable.swift */; };
		"__src_cc_ref_Packages/Reactive-0.0.6/Sources/Event.swift" /* Event.swift in Sources */ = {isa = PBXBuildFile; fileRef = "__PBXFileRef_Packages/Reactive-0.0.6/Sources/Event.swift" /* Event.swift */; };
		"__src_cc_ref_Packages/Reactive-0.0.6/Sources/Observer.swift" /* Observer.swift in Sources */ = {isa = PBXBuildFile; fileRef = "__PBXFileRef_Packages/Reactive-0.0.6/Sources/Observer.swift" /* Observer.swift */; };
		"__src_cc_ref_Packages/Reactive-0.0.6/Sources/Signal.swift" /* Signal.swift in Sources */ = {isa = PBXBuildFile; fileRef = "__PBXFileRef_Packages/Reactive-0.0.6/Sources/Signal.swift" /* Signal.swift */; };
		__src_cc_ref_Sources/Edge/Edge.swift /* Edge.swift in Sources */ = {isa = PBXBuildFile; fileRef = __PBXFileRef_Sources/Edge/Edge.swift /* Edge.swift */; };
		__src_cc_ref_Sources/IOStream/IOStream.swift /* IOStream.swift in Sources */ = {isa = PBXBuildFile; fileRef = __PBXFileRef_Sources/IOStream/IOStream.swift /* IOStream.swift */; };
		__src_cc_ref_Sources/IOStream/Pipe.swift /* Pipe.swift in Sources */ = {isa = PBXBuildFile; fileRef = __PBXFileRef_Sources/IOStream/Pipe.swift /* Pipe.swift */; };
		__src_cc_ref_Sources/POSIXExtensions/FileDescriptor.swift /* FileDescriptor.swift in Sources */ = {isa = PBXBuildFile; fileRef = __PBXFileRef_Sources/POSIXExtensions/FileDescriptor.swift /* FileDescriptor.swift */; };
		__src_cc_ref_Sources/POSIXExtensions/Socket.swift /* Socket.swift in Sources */ = {isa = PBXBuildFile; fileRef = __PBXFileRef_Sources/POSIXExtensions/Socket.swift /* Socket.swift */; };
		__src_cc_ref_Sources/RunLoop/RunLoop.swift /* RunLoop.swift in Sources */ = {isa = PBXBuildFile; fileRef = __PBXFileRef_Sources/RunLoop/RunLoop.swift /* RunLoop.swift */; };
		__src_cc_ref_Sources/TCP/Server.swift /* Server.swift in Sources */ = {isa = PBXBuildFile; fileRef = __PBXFileRef_Sources/TCP/Server.swift /* Server.swift */; };
		__src_cc_ref_Sources/TCP/Socket.swift /* Socket.swift in Sources */ = {isa = PBXBuildFile; fileRef = __PBXFileRef_Sources/TCP/Socket.swift /* Socket.swift */; };
		__src_cc_ref_Tests/TCP/Tests.swift /* Tests.swift in Sources */ = {isa = PBXBuildFile; fileRef = __PBXFileRef_Tests/TCP/Tests.swift /* Tests.swift */; };
/* End PBXBuildFile section */

/* Begin PBXContainerItemProxy section */
		DCFA2DA61D17BEAC00422425 /* PBXContainerItemProxy */ = {
			isa = PBXContainerItemProxy;
			containerPortal = __RootObject_ /* Project object */;
			proxyType = 1;
			remoteGlobalIDString = "______Target_C7";
			remoteInfo = C7;
		};
		DCFA2DA71D17BEAC00422425 /* PBXContainerItemProxy */ = {
			isa = PBXContainerItemProxy;
			containerPortal = __RootObject_ /* Project object */;
			proxyType = 1;
			remoteGlobalIDString = "______Target_Log";
			remoteInfo = Log;
		};
		DCFA2DA81D17BEAC00422425 /* PBXContainerItemProxy */ = {
			isa = PBXContainerItemProxy;
			containerPortal = __RootObject_ /* Project object */;
			proxyType = 1;
			remoteGlobalIDString = "______Target_POSIX";
			remoteInfo = POSIX;
		};
		DCFA2DA91D17BEAC00422425 /* PBXContainerItemProxy */ = {
			isa = PBXContainerItemProxy;
			containerPortal = __RootObject_ /* Project object */;
			proxyType = 1;
			remoteGlobalIDString = "______Target_Reactive";
			remoteInfo = Reactive;
		};
		DCFA2DAA1D17BEAC00422425 /* PBXContainerItemProxy */ = {
			isa = PBXContainerItemProxy;
			containerPortal = __RootObject_ /* Project object */;
			proxyType = 1;
			remoteGlobalIDString = "______Target_TCP";
			remoteInfo = TCP;
		};
		DCFA2DAB1D17BEAC00422425 /* PBXContainerItemProxy */ = {
			isa = PBXContainerItemProxy;
			containerPortal = __RootObject_ /* Project object */;
			proxyType = 1;
			remoteGlobalIDString = "______Target_POSIXExtensions";
			remoteInfo = POSIXExtensions;
		};
		DCFA2DAC1D17BEAC00422425 /* PBXContainerItemProxy */ = {
			isa = PBXContainerItemProxy;
			containerPortal = __RootObject_ /* Project object */;
			proxyType = 1;
			remoteGlobalIDString = "______Target_IOStream";
			remoteInfo = IOStream;
		};
		DCFA2DAD1D17BEAC00422425 /* PBXContainerItemProxy */ = {
			isa = PBXContainerItemProxy;
			containerPortal = __RootObject_ /* Project object */;
			proxyType = 1;
			remoteGlobalIDString = "______Target_RunLoop";
			remoteInfo = RunLoop;
		};
/* End PBXContainerItemProxy section */

/* Begin PBXFileReference section */
		__PBXFileRef_C7_Info.plist /* C7_Info.plist */ = {isa = PBXFileReference; lastKnownFileType = text.plist.xml; name = C7_Info.plist; path = Edge.xcodeproj/C7_Info.plist; sourceTree = SOURCE_ROOT; };
		__PBXFileRef_Edge.xcodeproj/Configs/Project.xcconfig /* Project.xcconfig */ = {isa = PBXFileReference; lastKnownFileType = text.xcconfig; name = Project.xcconfig; path = Edge.xcodeproj/Configs/Project.xcconfig; sourceTree = "<group>"; };
		__PBXFileRef_Edge_Info.plist /* Edge_Info.plist */ = {isa = PBXFileReference; lastKnownFileType = text.plist.xml; name = Edge_Info.plist; path = Edge.xcodeproj/Edge_Info.plist; sourceTree = SOURCE_ROOT; };
		__PBXFileRef_IOStream_Info.plist /* IOStream_Info.plist */ = {isa = PBXFileReference; lastKnownFileType = text.plist.xml; name = IOStream_Info.plist; path = Edge.xcodeproj/IOStream_Info.plist; sourceTree = SOURCE_ROOT; };
		__PBXFileRef_Log_Info.plist /* Log_Info.plist */ = {isa = PBXFileReference; lastKnownFileType = text.plist.xml; name = Log_Info.plist; path = Edge.xcodeproj/Log_Info.plist; sourceTree = SOURCE_ROOT; };
		__PBXFileRef_POSIXExtensions_Info.plist /* POSIXExtensions_Info.plist */ = {isa = PBXFileReference; lastKnownFileType = text.plist.xml; name = POSIXExtensions_Info.plist; path = Edge.xcodeproj/POSIXExtensions_Info.plist; sourceTree = SOURCE_ROOT; };
		__PBXFileRef_POSIX_Info.plist /* POSIX_Info.plist */ = {isa = PBXFileReference; lastKnownFileType = text.plist.xml; name = POSIX_Info.plist; path = Edge.xcodeproj/POSIX_Info.plist; sourceTree = SOURCE_ROOT; };
		__PBXFileRef_Package.swift /* Package.swift */ = {isa = PBXFileReference; lastKnownFileType = sourcecode.swift; path = Package.swift; sourceTree = "<group>"; };
		"__PBXFileRef_Packages/C7-0.8.1/Sources/AsyncConnection.swift" /* AsyncConnection.swift */ = {isa = PBXFileReference; lastKnownFileType = sourcecode.swift; path = AsyncConnection.swift; sourceTree = "<group>"; };
		"__PBXFileRef_Packages/C7-0.8.1/Sources/AsyncDrain.swift" /* AsyncDrain.swift */ = {isa = PBXFileReference; lastKnownFileType = sourcecode.swift; path = AsyncDrain.swift; sourceTree = "<group>"; };
		"__PBXFileRef_Packages/C7-0.8.1/Sources/AsyncHost.swift" /* AsyncHost.swift */ = {isa = PBXFileReference; lastKnownFileType = sourcecode.swift; path = AsyncHost.swift; sourceTree = "<group>"; };
		"__PBXFileRef_Packages/C7-0.8.1/Sources/AsyncStream.swift" /* AsyncStream.swift */ = {isa = PBXFileReference; lastKnownFileType = sourcecode.swift; path = AsyncStream.swift; sourceTree = "<group>"; };
		"__PBXFileRef_Packages/C7-0.8.1/Sources/AsyncURIConnection.swift" /* AsyncURIConnection.swift */ = {isa = PBXFileReference; lastKnownFileType = sourcecode.swift; path = AsyncURIConnection.swift; sourceTree = "<group>"; };
		"__PBXFileRef_Packages/C7-0.8.1/Sources/Byte.swift" /* Byte.swift */ = {isa = PBXFileReference; lastKnownFileType = sourcecode.swift; path = Byte.swift; sourceTree = "<group>"; };
		"__PBXFileRef_Packages/C7-0.8.1/Sources/C7.swift" /* C7.swift */ = {isa = PBXFileReference; lastKnownFileType = sourcecode.swift; path = C7.swift; sourceTree = "<group>"; };
		"__PBXFileRef_Packages/C7-0.8.1/Sources/CaseInsensitiveString.swift" /* CaseInsensitiveString.swift */ = {isa = PBXFileReference; lastKnownFileType = sourcecode.swift; path = CaseInsensitiveString.swift; sourceTree = "<group>"; };
		"__PBXFileRef_Packages/C7-0.8.1/Sources/Closable.swift" /* Closable.swift */ = {isa = PBXFileReference; lastKnownFileType = sourcecode.swift; path = Closable.swift; sourceTree = "<group>"; };
		"__PBXFileRef_Packages/C7-0.8.1/Sources/Connection.swift" /* Connection.swift */ = {isa = PBXFileReference; lastKnownFileType = sourcecode.swift; path = Connection.swift; sourceTree = "<group>"; };
		"__PBXFileRef_Packages/C7-0.8.1/Sources/CustomDataStore.swift" /* CustomDataStore.swift */ = {isa = PBXFileReference; lastKnownFileType = sourcecode.swift; path = CustomDataStore.swift; sourceTree = "<group>"; };
		"__PBXFileRef_Packages/C7-0.8.1/Sources/Data.swift" /* Data.swift */ = {isa = PBXFileReference; lastKnownFileType = sourcecode.swift; path = Data.swift; sourceTree = "<group>"; };
		"__PBXFileRef_Packages/C7-0.8.1/Sources/Drain.swift" /* Drain.swift */ = {isa = PBXFileReference; lastKnownFileType = sourcecode.swift; path = Drain.swift; sourceTree = "<group>"; };
		"__PBXFileRef_Packages/C7-0.8.1/Sources/Host.swift" /* Host.swift */ = {isa = PBXFileReference; lastKnownFileType = sourcecode.swift; path = Host.swift; sourceTree = "<group>"; };
		"__PBXFileRef_Packages/C7-0.8.1/Sources/JSON.swift" /* JSON.swift */ = {isa = PBXFileReference; lastKnownFileType = sourcecode.swift; path = JSON.swift; sourceTree = "<group>"; };
		"__PBXFileRef_Packages/C7-0.8.1/Sources/Number.swift" /* Number.swift */ = {isa = PBXFileReference; lastKnownFileType = sourcecode.swift; path = Number.swift; sourceTree = "<group>"; };
		"__PBXFileRef_Packages/C7-0.8.1/Sources/Stream.swift" /* Stream.swift */ = {isa = PBXFileReference; lastKnownFileType = sourcecode.swift; path = Stream.swift; sourceTree = "<group>"; };
		"__PBXFileRef_Packages/C7-0.8.1/Sources/StreamError.swift" /* StreamError.swift */ = {isa = PBXFileReference; lastKnownFileType = sourcecode.swift; path = StreamError.swift; sourceTree = "<group>"; };
		"__PBXFileRef_Packages/C7-0.8.1/Sources/StreamSequence.swift" /* StreamSequence.swift */ = {isa = PBXFileReference; lastKnownFileType = sourcecode.swift; path = StreamSequence.swift; sourceTree = "<group>"; };
		"__PBXFileRef_Packages/C7-0.8.1/Sources/StructuredData.swift" /* StructuredData.swift */ = {isa = PBXFileReference; lastKnownFileType = sourcecode.swift; path = StructuredData.swift; sourceTree = "<group>"; };
		"__PBXFileRef_Packages/C7-0.8.1/Sources/Time.swift" /* Time.swift */ = {isa = PBXFileReference; lastKnownFileType = sourcecode.swift; path = Time.swift; sourceTree = "<group>"; };
		"__PBXFileRef_Packages/C7-0.8.1/Sources/URI.swift" /* URI.swift */ = {isa = PBXFileReference; lastKnownFileType = sourcecode.swift; path = URI.swift; sourceTree = "<group>"; };
		"__PBXFileRef_Packages/C7-0.8.1/Sources/URIConnection.swift" /* URIConnection.swift */ = {isa = PBXFileReference; lastKnownFileType = sourcecode.swift; path = URIConnection.swift; sourceTree = "<group>"; };
		"__PBXFileRef_Packages/Log-0.8.2/Source/Appender.swift" /* Appender.swift */ = {isa = PBXFileReference; lastKnownFileType = sourcecode.swift; path = Appender.swift; sourceTree = "<group>"; };
		"__PBXFileRef_Packages/Log-0.8.2/Source/LocationInfo.swift" /* LocationInfo.swift */ = {isa = PBXFileReference; lastKnownFileType = sourcecode.swift; path = LocationInfo.swift; sourceTree = "<group>"; };
		"__PBXFileRef_Packages/Log-0.8.2/Source/Log.swift" /* Log.swift */ = {isa = PBXFileReference; lastKnownFileType = sourcecode.swift; path = Log.swift; sourceTree = "<group>"; };
		"__PBXFileRef_Packages/Log-0.8.2/Source/Logger.swift" /* Logger.swift */ = {isa = PBXFileReference; lastKnownFileType = sourcecode.swift; path = Logger.swift; sourceTree = "<group>"; };
		"__PBXFileRef_Packages/Log-0.8.2/Source/LoggingEvent.swift" /* LoggingEvent.swift */ = {isa = PBXFileReference; lastKnownFileType = sourcecode.swift; path = LoggingEvent.swift; sourceTree = "<group>"; };
		"__PBXFileRef_Packages/Log-0.8.2/Source/StandardOutputAppender.swift" /* StandardOutputAppender.swift */ = {isa = PBXFileReference; lastKnownFileType = sourcecode.swift; path = StandardOutputAppender.swift; sourceTree = "<group>"; };
		"__PBXFileRef_Packages/POSIX-0.5.1/Sources/POSIX.swift" /* POSIX.swift */ = {isa = PBXFileReference; lastKnownFileType = sourcecode.swift; path = POSIX.swift; sourceTree = "<group>"; };
		"__PBXFileRef_Packages/Reactive-0.0.6/Sources/Bag.swift" /* Bag.swift */ = {isa = PBXFileReference; lastKnownFileType = sourcecode.swift; path = Bag.swift; sourceTree = "<group>"; };
		"__PBXFileRef_Packages/Reactive-0.0.6/Sources/ColdSignal.swift" /* ColdSignal.swift */ = {isa = PBXFileReference; lastKnownFileType = sourcecode.swift; path = ColdSignal.swift; sourceTree = "<group>"; };
		"__PBXFileRef_Packages/Reactive-0.0.6/Sources/Disposable.swift" /* Disposable.swift */ = {isa = PBXFileReference; lastKnownFileType = sourcecode.swift; path = Disposable.swift; sourceTree = "<group>"; };
		"__PBXFileRef_Packages/Reactive-0.0.6/Sources/Event.swift" /* Event.swift */ = {isa = PBXFileReference; lastKnownFileType = sourcecode.swift; path = Event.swift; sourceTree = "<group>"; };
		"__PBXFileRef_Packages/Reactive-0.0.6/Sources/Observer.swift" /* Observer.swift */ = {isa = PBXFileReference; lastKnownFileType = sourcecode.swift; path = Observer.swift; sourceTree = "<group>"; };
		"__PBXFileRef_Packages/Reactive-0.0.6/Sources/Signal.swift" /* Signal.swift */ = {isa = PBXFileReference; lastKnownFileType = sourcecode.swift; path = Signal.swift; sourceTree = "<group>"; };
		__PBXFileRef_Reactive_Info.plist /* Reactive_Info.plist */ = {isa = PBXFileReference; lastKnownFileType = text.plist.xml; name = Reactive_Info.plist; path = Edge.xcodeproj/Reactive_Info.plist; sourceTree = SOURCE_ROOT; };
		__PBXFileRef_RunLoop_Info.plist /* RunLoop_Info.plist */ = {isa = PBXFileReference; lastKnownFileType = text.plist.xml; name = RunLoop_Info.plist; path = Edge.xcodeproj/RunLoop_Info.plist; sourceTree = SOURCE_ROOT; };
		__PBXFileRef_Sources/Edge/Edge.swift /* Edge.swift */ = {isa = PBXFileReference; lastKnownFileType = sourcecode.swift; path = Edge.swift; sourceTree = "<group>"; };
		__PBXFileRef_Sources/IOStream/IOStream.swift /* IOStream.swift */ = {isa = PBXFileReference; lastKnownFileType = sourcecode.swift; path = IOStream.swift; sourceTree = "<group>"; };
		__PBXFileRef_Sources/IOStream/Pipe.swift /* Pipe.swift */ = {isa = PBXFileReference; lastKnownFileType = sourcecode.swift; path = Pipe.swift; sourceTree = "<group>"; };
		__PBXFileRef_Sources/POSIXExtensions/FileDescriptor.swift /* FileDescriptor.swift */ = {isa = PBXFileReference; lastKnownFileType = sourcecode.swift; path = FileDescriptor.swift; sourceTree = "<group>"; };
		__PBXFileRef_Sources/POSIXExtensions/Socket.swift /* Socket.swift */ = {isa = PBXFileReference; lastKnownFileType = sourcecode.swift; path = Socket.swift; sourceTree = "<group>"; };
		__PBXFileRef_Sources/RunLoop/RunLoop.swift /* RunLoop.swift */ = {isa = PBXFileReference; lastKnownFileType = sourcecode.swift; path = RunLoop.swift; sourceTree = "<group>"; };
		__PBXFileRef_Sources/TCP/Server.swift /* Server.swift */ = {isa = PBXFileReference; lastKnownFileType = sourcecode.swift; path = Server.swift; sourceTree = "<group>"; };
		__PBXFileRef_Sources/TCP/Socket.swift /* Socket.swift */ = {isa = PBXFileReference; lastKnownFileType = sourcecode.swift; path = Socket.swift; sourceTree = "<group>"; };
		__PBXFileRef_TCPTestSuite_Info.plist /* TCPTestSuite_Info.plist */ = {isa = PBXFileReference; lastKnownFileType = text.plist.xml; name = TCPTestSuite_Info.plist; path = Edge.xcodeproj/TCPTestSuite_Info.plist; sourceTree = SOURCE_ROOT; };
		__PBXFileRef_TCP_Info.plist /* TCP_Info.plist */ = {isa = PBXFileReference; lastKnownFileType = text.plist.xml; name = TCP_Info.plist; path = Edge.xcodeproj/TCP_Info.plist; sourceTree = SOURCE_ROOT; };
		__PBXFileRef_Tests/TCP/Tests.swift /* Tests.swift */ = {isa = PBXFileReference; lastKnownFileType = sourcecode.swift; path = Tests.swift; sourceTree = "<group>"; };
		"_____Product_C7" /* C7.framework */ = {isa = PBXFileReference; explicitFileType = wrapper.framework; path = C7.framework; sourceTree = BUILT_PRODUCTS_DIR; };
		"_____Product_Edge" /* Edge.framework */ = {isa = PBXFileReference; lastKnownFileType = wrapper.framework; path = Edge.framework; sourceTree = BUILT_PRODUCTS_DIR; };
		"_____Product_IOStream" /* IOStream.framework */ = {isa = PBXFileReference; explicitFileType = wrapper.framework; path = IOStream.framework; sourceTree = BUILT_PRODUCTS_DIR; };
		"_____Product_Log" /* Log.framework */ = {isa = PBXFileReference; explicitFileType = wrapper.framework; path = Log.framework; sourceTree = BUILT_PRODUCTS_DIR; };
		"_____Product_POSIX" /* POSIX.framework */ = {isa = PBXFileReference; explicitFileType = wrapper.framework; path = POSIX.framework; sourceTree = BUILT_PRODUCTS_DIR; };
		"_____Product_POSIXExtensions" /* POSIXExtensions.framework */ = {isa = PBXFileReference; explicitFileType = wrapper.framework; path = POSIXExtensions.framework; sourceTree = BUILT_PRODUCTS_DIR; };
		"_____Product_Reactive" /* Reactive.framework */ = {isa = PBXFileReference; explicitFileType = wrapper.framework; path = Reactive.framework; sourceTree = BUILT_PRODUCTS_DIR; };
		"_____Product_RunLoop" /* RunLoop.framework */ = {isa = PBXFileReference; explicitFileType = wrapper.framework; path = RunLoop.framework; sourceTree = BUILT_PRODUCTS_DIR; };
		"_____Product_TCP" /* TCP.framework */ = {isa = PBXFileReference; explicitFileType = wrapper.framework; path = TCP.framework; sourceTree = BUILT_PRODUCTS_DIR; };
		"_____Product_TCPTestSuite" /* TCPTestSuite.xctest */ = {isa = PBXFileReference; lastKnownFileType = file; path = TCPTestSuite.xctest; sourceTree = BUILT_PRODUCTS_DIR; };
/* End PBXFileReference section */

/* Begin PBXFrameworksBuildPhase section */
		"___LinkPhase_C7" /* Frameworks */ = {
			isa = PBXFrameworksBuildPhase;
			buildActionMask = 0;
			files = (
			);
			runOnlyForDeploymentPostprocessing = 0;
		};
		"___LinkPhase_Edge" /* Frameworks */ = {
			isa = PBXFrameworksBuildPhase;
			buildActionMask = 0;
			files = (
				_LinkFileRef_C7_via_Edge /* C7.framework in Frameworks */,
				_LinkFileRef_Log_via_Edge /* Log.framework in Frameworks */,
				_LinkFileRef_POSIX_via_Edge /* POSIX.framework in Frameworks */,
				_LinkFileRef_Reactive_via_Edge /* Reactive.framework in Frameworks */,
				_LinkFileRef_TCP_via_Edge /* TCP.framework in Frameworks */,
				_LinkFileRef_IOStream_via_Edge /* IOStream.framework in Frameworks */,
				_LinkFileRef_RunLoop_via_Edge /* RunLoop.framework in Frameworks */,
				_LinkFileRef_POSIXExtensions_via_Edge /* POSIXExtensions.framework in Frameworks */,
			);
			runOnlyForDeploymentPostprocessing = 0;
		};
		"___LinkPhase_IOStream" /* Frameworks */ = {
			isa = PBXFrameworksBuildPhase;
			buildActionMask = 0;
			files = (
				_LinkFileRef_C7_via_IOStream /* C7.framework in Frameworks */,
				_LinkFileRef_Log_via_IOStream /* Log.framework in Frameworks */,
				_LinkFileRef_POSIX_via_IOStream /* POSIX.framework in Frameworks */,
				_LinkFileRef_Reactive_via_IOStream /* Reactive.framework in Frameworks */,
				_LinkFileRef_POSIXExtensions_via_IOStream /* POSIXExtensions.framework in Frameworks */,
			);
			runOnlyForDeploymentPostprocessing = 0;
		};
		"___LinkPhase_Log" /* Frameworks */ = {
			isa = PBXFrameworksBuildPhase;
			buildActionMask = 0;
			files = (
				_LinkFileRef_C7_via_Log /* C7.framework in Frameworks */,
			);
			runOnlyForDeploymentPostprocessing = 0;
		};
		"___LinkPhase_POSIX" /* Frameworks */ = {
			isa = PBXFrameworksBuildPhase;
			buildActionMask = 0;
			files = (
			);
			runOnlyForDeploymentPostprocessing = 0;
		};
		"___LinkPhase_POSIXExtensions" /* Frameworks */ = {
			isa = PBXFrameworksBuildPhase;
			buildActionMask = 0;
			files = (
				_LinkFileRef_C7_via_POSIXExtensions /* C7.framework in Frameworks */,
				_LinkFileRef_Log_via_POSIXExtensions /* Log.framework in Frameworks */,
				_LinkFileRef_POSIX_via_POSIXExtensions /* POSIX.framework in Frameworks */,
				_LinkFileRef_Reactive_via_POSIXExtensions /* Reactive.framework in Frameworks */,
			);
			runOnlyForDeploymentPostprocessing = 0;
		};
		"___LinkPhase_Reactive" /* Frameworks */ = {
			isa = PBXFrameworksBuildPhase;
			buildActionMask = 0;
			files = (
				_LinkFileRef_C7_via_Reactive /* C7.framework in Frameworks */,
				_LinkFileRef_Log_via_Reactive /* Log.framework in Frameworks */,
			);
			runOnlyForDeploymentPostprocessing = 0;
		};
		"___LinkPhase_RunLoop" /* Frameworks */ = {
			isa = PBXFrameworksBuildPhase;
			buildActionMask = 0;
			files = (
				_LinkFileRef_C7_via_RunLoop /* C7.framework in Frameworks */,
				_LinkFileRef_Log_via_RunLoop /* Log.framework in Frameworks */,
				_LinkFileRef_POSIX_via_RunLoop /* POSIX.framework in Frameworks */,
				_LinkFileRef_Reactive_via_RunLoop /* Reactive.framework in Frameworks */,
			);
			runOnlyForDeploymentPostprocessing = 0;
		};
		"___LinkPhase_TCP" /* Frameworks */ = {
			isa = PBXFrameworksBuildPhase;
			buildActionMask = 0;
			files = (
				_LinkFileRef_C7_via_TCP /* C7.framework in Frameworks */,
				_LinkFileRef_Log_via_TCP /* Log.framework in Frameworks */,
				_LinkFileRef_POSIX_via_TCP /* POSIX.framework in Frameworks */,
				_LinkFileRef_Reactive_via_TCP /* Reactive.framework in Frameworks */,
				_LinkFileRef_POSIXExtensions_via_TCP /* POSIXExtensions.framework in Frameworks */,
				_LinkFileRef_IOStream_via_TCP /* IOStream.framework in Frameworks */,
			);
			runOnlyForDeploymentPostprocessing = 0;
		};
		"___LinkPhase_TCPTestSuite" /* Frameworks */ = {
			isa = PBXFrameworksBuildPhase;
			buildActionMask = 0;
			files = (
				_LinkFileRef_C7_via_TCPTestSuite /* C7.framework in Frameworks */,
				_LinkFileRef_Log_via_TCPTestSuite /* Log.framework in Frameworks */,
				_LinkFileRef_POSIX_via_TCPTestSuite /* POSIX.framework in Frameworks */,
				_LinkFileRef_Reactive_via_TCPTestSuite /* Reactive.framework in Frameworks */,
				_LinkFileRef_TCP_via_TCPTestSuite /* TCP.framework in Frameworks */,
				_LinkFileRef_POSIXExtensions_via_TCPTestSuite /* POSIXExtensions.framework in Frameworks */,
				_LinkFileRef_IOStream_via_TCPTestSuite /* IOStream.framework in Frameworks */,
			);
			runOnlyForDeploymentPostprocessing = 0;
		};
/* End PBXFrameworksBuildPhase section */

/* Begin PBXGroup section */
		Dependencies_ /* Dependencies */ = {
			isa = PBXGroup;
			children = (
				"_______Group_C7" /* C7 */,
				"_______Group_Log" /* Log */,
				"_______Group_Reactive" /* Reactive */,
				"_______Group_POSIX" /* POSIX */,
			);
			name = Dependencies;
			sourceTree = "<group>";
		};
		TestProducts_ /* Tests */ = {
			isa = PBXGroup;
			children = (
				"_____Product_TCPTestSuite" /* TCPTestSuite.xctest */,
			);
			name = Tests;
			sourceTree = "<group>";
		};
		"___RootGroup_" = {
			isa = PBXGroup;
			children = (
				__PBXFileRef_Package.swift /* Package.swift */,
				"_____Configs_" /* Configs */,
				"_____Sources_" /* Sources */,
				Dependencies_ /* Dependencies */,
				"_______Tests_" /* Tests */,
				"____Products_" /* Products */,
			);
			sourceTree = "<group>";
		};
		"____Products_" /* Products */ = {
			isa = PBXGroup;
			children = (
				TestProducts_ /* Tests */,
				"_____Product_C7" /* C7.framework */,
				"_____Product_Log" /* Log.framework */,
				"_____Product_Reactive" /* Reactive.framework */,
				"_____Product_POSIX" /* POSIX.framework */,
				"_____Product_Edge" /* Edge.framework */,
				"_____Product_IOStream" /* IOStream.framework */,
				"_____Product_POSIXExtensions" /* POSIXExtensions.framework */,
				"_____Product_RunLoop" /* RunLoop.framework */,
				"_____Product_TCP" /* TCP.framework */,
			);
			name = Products;
			sourceTree = "<group>";
		};
		"_____Configs_" /* Configs */ = {
			isa = PBXGroup;
			children = (
				__PBXFileRef_Edge.xcodeproj/Configs/Project.xcconfig /* Project.xcconfig */,
			);
			name = Configs;
			sourceTree = "<group>";
		};
		"_____Sources_" /* Sources */ = {
			isa = PBXGroup;
			children = (
				"_______Group_Edge" /* Edge */,
				"_______Group_IOStream" /* IOStream */,
				"_______Group_POSIXExtensions" /* POSIXExtensions */,
				"_______Group_RunLoop" /* RunLoop */,
				"_______Group_TCP" /* TCP */,
			);
			name = Sources;
			sourceTree = "<group>";
		};
		"_______Group_C7" /* C7 */ = {
			isa = PBXGroup;
			children = (
				"__PBXFileRef_Packages/C7-0.8.1/Sources/AsyncConnection.swift" /* AsyncConnection.swift */,
				"__PBXFileRef_Packages/C7-0.8.1/Sources/AsyncDrain.swift" /* AsyncDrain.swift */,
				"__PBXFileRef_Packages/C7-0.8.1/Sources/AsyncHost.swift" /* AsyncHost.swift */,
				"__PBXFileRef_Packages/C7-0.8.1/Sources/AsyncStream.swift" /* AsyncStream.swift */,
				"__PBXFileRef_Packages/C7-0.8.1/Sources/AsyncURIConnection.swift" /* AsyncURIConnection.swift */,
				"__PBXFileRef_Packages/C7-0.8.1/Sources/Byte.swift" /* Byte.swift */,
				"__PBXFileRef_Packages/C7-0.8.1/Sources/C7.swift" /* C7.swift */,
				"__PBXFileRef_Packages/C7-0.8.1/Sources/CaseInsensitiveString.swift" /* CaseInsensitiveString.swift */,
				"__PBXFileRef_Packages/C7-0.8.1/Sources/Closable.swift" /* Closable.swift */,
				"__PBXFileRef_Packages/C7-0.8.1/Sources/Connection.swift" /* Connection.swift */,
				"__PBXFileRef_Packages/C7-0.8.1/Sources/CustomDataStore.swift" /* CustomDataStore.swift */,
				"__PBXFileRef_Packages/C7-0.8.1/Sources/Data.swift" /* Data.swift */,
				"__PBXFileRef_Packages/C7-0.8.1/Sources/Drain.swift" /* Drain.swift */,
				"__PBXFileRef_Packages/C7-0.8.1/Sources/Host.swift" /* Host.swift */,
				"__PBXFileRef_Packages/C7-0.8.1/Sources/JSON.swift" /* JSON.swift */,
				"__PBXFileRef_Packages/C7-0.8.1/Sources/Number.swift" /* Number.swift */,
				"__PBXFileRef_Packages/C7-0.8.1/Sources/Stream.swift" /* Stream.swift */,
				"__PBXFileRef_Packages/C7-0.8.1/Sources/StreamError.swift" /* StreamError.swift */,
				"__PBXFileRef_Packages/C7-0.8.1/Sources/StreamSequence.swift" /* StreamSequence.swift */,
				"__PBXFileRef_Packages/C7-0.8.1/Sources/StructuredData.swift" /* StructuredData.swift */,
				"__PBXFileRef_Packages/C7-0.8.1/Sources/Time.swift" /* Time.swift */,
				"__PBXFileRef_Packages/C7-0.8.1/Sources/URI.swift" /* URI.swift */,
				"__PBXFileRef_Packages/C7-0.8.1/Sources/URIConnection.swift" /* URIConnection.swift */,
				__PBXFileRef_C7_Info.plist /* C7_Info.plist */,
			);
			name = C7;
			path = "Packages/C7-0.8.1/Sources";
			sourceTree = "<group>";
		};
		"_______Group_Edge" /* Edge */ = {
			isa = PBXGroup;
			children = (
				__PBXFileRef_Sources/Edge/Edge.swift /* Edge.swift */,
				__PBXFileRef_Edge_Info.plist /* Edge_Info.plist */,
			);
			name = Edge;
			path = Sources/Edge;
			sourceTree = "<group>";
		};
		"_______Group_IOStream" /* IOStream */ = {
			isa = PBXGroup;
			children = (
				__PBXFileRef_Sources/IOStream/IOStream.swift /* IOStream.swift */,
				__PBXFileRef_Sources/IOStream/Pipe.swift /* Pipe.swift */,
				__PBXFileRef_IOStream_Info.plist /* IOStream_Info.plist */,
			);
			name = IOStream;
			path = Sources/IOStream;
			sourceTree = "<group>";
		};
		"_______Group_Log" /* Log */ = {
			isa = PBXGroup;
			children = (
				"__PBXFileRef_Packages/Log-0.8.2/Source/Appender.swift" /* Appender.swift */,
				"__PBXFileRef_Packages/Log-0.8.2/Source/LocationInfo.swift" /* LocationInfo.swift */,
				"__PBXFileRef_Packages/Log-0.8.2/Source/Log.swift" /* Log.swift */,
				"__PBXFileRef_Packages/Log-0.8.2/Source/Logger.swift" /* Logger.swift */,
				"__PBXFileRef_Packages/Log-0.8.2/Source/LoggingEvent.swift" /* LoggingEvent.swift */,
				"__PBXFileRef_Packages/Log-0.8.2/Source/StandardOutputAppender.swift" /* StandardOutputAppender.swift */,
				__PBXFileRef_Log_Info.plist /* Log_Info.plist */,
			);
			name = Log;
			path = "Packages/Log-0.8.2/Source";
			sourceTree = "<group>";
		};
		"_______Group_POSIX" /* POSIX */ = {
			isa = PBXGroup;
			children = (
				"__PBXFileRef_Packages/POSIX-0.5.1/Sources/POSIX.swift" /* POSIX.swift */,
				__PBXFileRef_POSIX_Info.plist /* POSIX_Info.plist */,
			);
			name = POSIX;
			path = "Packages/POSIX-0.5.1/Sources";
			sourceTree = "<group>";
		};
		"_______Group_POSIXExtensions" /* POSIXExtensions */ = {
			isa = PBXGroup;
			children = (
				__PBXFileRef_Sources/POSIXExtensions/FileDescriptor.swift /* FileDescriptor.swift */,
				__PBXFileRef_Sources/POSIXExtensions/Socket.swift /* Socket.swift */,
				__PBXFileRef_POSIXExtensions_Info.plist /* POSIXExtensions_Info.plist */,
			);
			name = POSIXExtensions;
			path = Sources/POSIXExtensions;
			sourceTree = "<group>";
		};
		"_______Group_Reactive" /* Reactive */ = {
			isa = PBXGroup;
			children = (
				"__PBXFileRef_Packages/Reactive-0.0.6/Sources/Bag.swift" /* Bag.swift */,
				"__PBXFileRef_Packages/Reactive-0.0.6/Sources/ColdSignal.swift" /* ColdSignal.swift */,
				"__PBXFileRef_Packages/Reactive-0.0.6/Sources/Disposable.swift" /* Disposable.swift */,
				"__PBXFileRef_Packages/Reactive-0.0.6/Sources/Event.swift" /* Event.swift */,
				"__PBXFileRef_Packages/Reactive-0.0.6/Sources/Observer.swift" /* Observer.swift */,
				"__PBXFileRef_Packages/Reactive-0.0.6/Sources/Signal.swift" /* Signal.swift */,
				__PBXFileRef_Reactive_Info.plist /* Reactive_Info.plist */,
			);
			name = Reactive;
			path = "Packages/Reactive-0.0.6/Sources";
			sourceTree = "<group>";
		};
		"_______Group_RunLoop" /* RunLoop */ = {
			isa = PBXGroup;
			children = (
				__PBXFileRef_Sources/RunLoop/RunLoop.swift /* RunLoop.swift */,
				__PBXFileRef_RunLoop_Info.plist /* RunLoop_Info.plist */,
			);
			name = RunLoop;
			path = Sources/RunLoop;
			sourceTree = "<group>";
		};
		"_______Group_TCP" /* TCP */ = {
			isa = PBXGroup;
			children = (
				__PBXFileRef_Sources/TCP/Server.swift /* Server.swift */,
				__PBXFileRef_Sources/TCP/Socket.swift /* Socket.swift */,
				__PBXFileRef_TCP_Info.plist /* TCP_Info.plist */,
			);
			name = TCP;
			path = Sources/TCP;
			sourceTree = "<group>";
		};
		"_______Group_TCPTestSuite" /* TCPTestSuite */ = {
			isa = PBXGroup;
			children = (
				__PBXFileRef_Tests/TCP/Tests.swift /* Tests.swift */,
				__PBXFileRef_TCPTestSuite_Info.plist /* TCPTestSuite_Info.plist */,
			);
			name = TCPTestSuite;
			path = Tests/TCP;
			sourceTree = "<group>";
		};
		"_______Tests_" /* Tests */ = {
			isa = PBXGroup;
			children = (
				"_______Group_TCPTestSuite" /* TCPTestSuite */,
			);
			name = Tests;
			sourceTree = "<group>";
		};
/* End PBXGroup section */

/* Begin PBXNativeTarget section */
		"______Target_C7" /* C7 */ = {
			isa = PBXNativeTarget;
			buildConfigurationList = "_______Confs_C7" /* Build configuration list for PBXNativeTarget "C7" */;
			buildPhases = (
				CompilePhase_C7 /* Sources */,
				"___LinkPhase_C7" /* Frameworks */,
			);
			buildRules = (
			);
			dependencies = (
			);
			name = C7;
			productName = C7;
			productReference = "_____Product_C7" /* C7.framework */;
			productType = "com.apple.product-type.framework";
		};
		"______Target_Edge" /* Edge */ = {
			isa = PBXNativeTarget;
			buildConfigurationList = "_______Confs_Edge" /* Build configuration list for PBXNativeTarget "Edge" */;
			buildPhases = (
				CompilePhase_Edge /* Sources */,
				"___LinkPhase_Edge" /* Frameworks */,
			);
			buildRules = (
			);
			dependencies = (
				__Dependency_C7 /* PBXTargetDependency */,
				__Dependency_Log /* PBXTargetDependency */,
				__Dependency_POSIX /* PBXTargetDependency */,
				__Dependency_Reactive /* PBXTargetDependency */,
				__Dependency_TCP /* PBXTargetDependency */,
				__Dependency_IOStream /* PBXTargetDependency */,
				__Dependency_RunLoop /* PBXTargetDependency */,
			);
			name = Edge;
			productName = Edge;
			productReference = "_____Product_Edge" /* Edge.framework */;
			productType = "com.apple.product-type.framework";
		};
		"______Target_IOStream" /* IOStream */ = {
			isa = PBXNativeTarget;
			buildConfigurationList = "_______Confs_IOStream" /* Build configuration list for PBXNativeTarget "IOStream" */;
			buildPhases = (
				CompilePhase_IOStream /* Sources */,
				"___LinkPhase_IOStream" /* Frameworks */,
			);
			buildRules = (
			);
			dependencies = (
				__Dependency_C7 /* PBXTargetDependency */,
				__Dependency_Log /* PBXTargetDependency */,
				__Dependency_POSIX /* PBXTargetDependency */,
				__Dependency_Reactive /* PBXTargetDependency */,
				__Dependency_POSIXExtensions /* PBXTargetDependency */,
			);
			name = IOStream;
			productName = IOStream;
			productReference = "_____Product_IOStream" /* IOStream.framework */;
			productType = "com.apple.product-type.framework";
		};
		"______Target_Log" /* Log */ = {
			isa = PBXNativeTarget;
			buildConfigurationList = "_______Confs_Log" /* Build configuration list for PBXNativeTarget "Log" */;
			buildPhases = (
				CompilePhase_Log /* Sources */,
				"___LinkPhase_Log" /* Frameworks */,
			);
			buildRules = (
			);
			dependencies = (
				__Dependency_C7 /* PBXTargetDependency */,
			);
			name = Log;
			productName = Log;
			productReference = "_____Product_Log" /* Log.framework */;
			productType = "com.apple.product-type.framework";
		};
		"______Target_POSIX" /* POSIX */ = {
			isa = PBXNativeTarget;
			buildConfigurationList = "_______Confs_POSIX" /* Build configuration list for PBXNativeTarget "POSIX" */;
			buildPhases = (
				CompilePhase_POSIX /* Sources */,
				"___LinkPhase_POSIX" /* Frameworks */,
			);
			buildRules = (
			);
			dependencies = (
			);
			name = POSIX;
			productName = POSIX;
			productReference = "_____Product_POSIX" /* POSIX.framework */;
			productType = "com.apple.product-type.framework";
		};
		"______Target_POSIXExtensions" /* POSIXExtensions */ = {
			isa = PBXNativeTarget;
			buildConfigurationList = "_______Confs_POSIXExtensions" /* Build configuration list for PBXNativeTarget "POSIXExtensions" */;
			buildPhases = (
				CompilePhase_POSIXExtensions /* Sources */,
				"___LinkPhase_POSIXExtensions" /* Frameworks */,
			);
			buildRules = (
			);
			dependencies = (
				__Dependency_C7 /* PBXTargetDependency */,
				__Dependency_Log /* PBXTargetDependency */,
				__Dependency_POSIX /* PBXTargetDependency */,
				__Dependency_Reactive /* PBXTargetDependency */,
			);
			name = POSIXExtensions;
			productName = POSIXExtensions;
			productReference = "_____Product_POSIXExtensions" /* POSIXExtensions.framework */;
			productType = "com.apple.product-type.framework";
		};
		"______Target_Reactive" /* Reactive */ = {
			isa = PBXNativeTarget;
			buildConfigurationList = "_______Confs_Reactive" /* Build configuration list for PBXNativeTarget "Reactive" */;
			buildPhases = (
				CompilePhase_Reactive /* Sources */,
				"___LinkPhase_Reactive" /* Frameworks */,
			);
			buildRules = (
			);
			dependencies = (
				__Dependency_C7 /* PBXTargetDependency */,
				__Dependency_Log /* PBXTargetDependency */,
			);
			name = Reactive;
			productName = Reactive;
			productReference = "_____Product_Reactive" /* Reactive.framework */;
			productType = "com.apple.product-type.framework";
		};
		"______Target_RunLoop" /* RunLoop */ = {
			isa = PBXNativeTarget;
			buildConfigurationList = "_______Confs_RunLoop" /* Build configuration list for PBXNativeTarget "RunLoop" */;
			buildPhases = (
				CompilePhase_RunLoop /* Sources */,
				"___LinkPhase_RunLoop" /* Frameworks */,
			);
			buildRules = (
			);
			dependencies = (
				__Dependency_C7 /* PBXTargetDependency */,
				__Dependency_Log /* PBXTargetDependency */,
				__Dependency_POSIX /* PBXTargetDependency */,
				__Dependency_Reactive /* PBXTargetDependency */,
			);
			name = RunLoop;
			productName = RunLoop;
			productReference = "_____Product_RunLoop" /* RunLoop.framework */;
			productType = "com.apple.product-type.framework";
		};
		"______Target_TCP" /* TCP */ = {
			isa = PBXNativeTarget;
			buildConfigurationList = "_______Confs_TCP" /* Build configuration list for PBXNativeTarget "TCP" */;
			buildPhases = (
				CompilePhase_TCP /* Sources */,
				"___LinkPhase_TCP" /* Frameworks */,
			);
			buildRules = (
			);
			dependencies = (
				__Dependency_C7 /* PBXTargetDependency */,
				__Dependency_Log /* PBXTargetDependency */,
				__Dependency_POSIX /* PBXTargetDependency */,
				__Dependency_Reactive /* PBXTargetDependency */,
				__Dependency_POSIXExtensions /* PBXTargetDependency */,
				__Dependency_IOStream /* PBXTargetDependency */,
			);
			name = TCP;
			productName = TCP;
			productReference = "_____Product_TCP" /* TCP.framework */;
			productType = "com.apple.product-type.framework";
		};
		"______Target_TCPTestSuite" /* TCPTestSuite */ = {
			isa = PBXNativeTarget;
			buildConfigurationList = "_______Confs_TCPTestSuite" /* Build configuration list for PBXNativeTarget "TCPTestSuite" */;
			buildPhases = (
				CompilePhase_TCPTestSuite /* Sources */,
				"___LinkPhase_TCPTestSuite" /* Frameworks */,
			);
			buildRules = (
			);
			dependencies = (
				__Dependency_C7 /* PBXTargetDependency */,
				__Dependency_Log /* PBXTargetDependency */,
				__Dependency_POSIX /* PBXTargetDependency */,
				__Dependency_Reactive /* PBXTargetDependency */,
				__Dependency_TCP /* PBXTargetDependency */,
			);
			name = TCPTestSuite;
			productName = TCPTestSuite;
			productReference = "_____Product_TCPTestSuite" /* TCPTestSuite.xctest */;
			productType = "com.apple.product-type.bundle.unit-test";
		};
/* End PBXNativeTarget section */

/* Begin PBXProject section */
		__RootObject_ /* Project object */ = {
			isa = PBXProject;
			attributes = {
				LastUpgradeCheck = 9999;
			};
			buildConfigurationList = "___RootConfs_" /* Build configuration list for PBXProject "Edge" */;
			compatibilityVersion = "Xcode 3.2";
			developmentRegion = English;
			hasScannedForEncodings = 0;
			knownRegions = (
				en,
			);
			mainGroup = "___RootGroup_";
			productRefGroup = "____Products_" /* Products */;
			projectDirPath = "";
			projectRoot = "";
			targets = (
				"______Target_C7" /* C7 */,
				"______Target_Log" /* Log */,
				"______Target_Reactive" /* Reactive */,
				"______Target_POSIX" /* POSIX */,
				"______Target_Edge" /* Edge */,
				"______Target_IOStream" /* IOStream */,
				"______Target_POSIXExtensions" /* POSIXExtensions */,
				"______Target_RunLoop" /* RunLoop */,
				"______Target_TCP" /* TCP */,
				"______Target_TCPTestSuite" /* TCPTestSuite */,
			);
		};
/* End PBXProject section */

/* Begin PBXSourcesBuildPhase section */
		CompilePhase_C7 /* Sources */ = {
			isa = PBXSourcesBuildPhase;
			buildActionMask = 0;
			files = (
				"__src_cc_ref_Packages/C7-0.8.1/Sources/AsyncConnection.swift" /* AsyncConnection.swift in Sources */,
				"__src_cc_ref_Packages/C7-0.8.1/Sources/AsyncDrain.swift" /* AsyncDrain.swift in Sources */,
				"__src_cc_ref_Packages/C7-0.8.1/Sources/AsyncHost.swift" /* AsyncHost.swift in Sources */,
				"__src_cc_ref_Packages/C7-0.8.1/Sources/AsyncStream.swift" /* AsyncStream.swift in Sources */,
				"__src_cc_ref_Packages/C7-0.8.1/Sources/AsyncURIConnection.swift" /* AsyncURIConnection.swift in Sources */,
				"__src_cc_ref_Packages/C7-0.8.1/Sources/Byte.swift" /* Byte.swift in Sources */,
				"__src_cc_ref_Packages/C7-0.8.1/Sources/C7.swift" /* C7.swift in Sources */,
				"__src_cc_ref_Packages/C7-0.8.1/Sources/CaseInsensitiveString.swift" /* CaseInsensitiveString.swift in Sources */,
				"__src_cc_ref_Packages/C7-0.8.1/Sources/Closable.swift" /* Closable.swift in Sources */,
				"__src_cc_ref_Packages/C7-0.8.1/Sources/Connection.swift" /* Connection.swift in Sources */,
				"__src_cc_ref_Packages/C7-0.8.1/Sources/CustomDataStore.swift" /* CustomDataStore.swift in Sources */,
				"__src_cc_ref_Packages/C7-0.8.1/Sources/Data.swift" /* Data.swift in Sources */,
				"__src_cc_ref_Packages/C7-0.8.1/Sources/Drain.swift" /* Drain.swift in Sources */,
				"__src_cc_ref_Packages/C7-0.8.1/Sources/Host.swift" /* Host.swift in Sources */,
				"__src_cc_ref_Packages/C7-0.8.1/Sources/JSON.swift" /* JSON.swift in Sources */,
				"__src_cc_ref_Packages/C7-0.8.1/Sources/Number.swift" /* Number.swift in Sources */,
				"__src_cc_ref_Packages/C7-0.8.1/Sources/Stream.swift" /* Stream.swift in Sources */,
				"__src_cc_ref_Packages/C7-0.8.1/Sources/StreamError.swift" /* StreamError.swift in Sources */,
				"__src_cc_ref_Packages/C7-0.8.1/Sources/StreamSequence.swift" /* StreamSequence.swift in Sources */,
				"__src_cc_ref_Packages/C7-0.8.1/Sources/StructuredData.swift" /* StructuredData.swift in Sources */,
				"__src_cc_ref_Packages/C7-0.8.1/Sources/Time.swift" /* Time.swift in Sources */,
				"__src_cc_ref_Packages/C7-0.8.1/Sources/URI.swift" /* URI.swift in Sources */,
				"__src_cc_ref_Packages/C7-0.8.1/Sources/URIConnection.swift" /* URIConnection.swift in Sources */,
			);
			runOnlyForDeploymentPostprocessing = 0;
		};
		CompilePhase_Edge /* Sources */ = {
			isa = PBXSourcesBuildPhase;
			buildActionMask = 0;
			files = (
				__src_cc_ref_Sources/Edge/Edge.swift /* Edge.swift in Sources */,
			);
			runOnlyForDeploymentPostprocessing = 0;
		};
		CompilePhase_IOStream /* Sources */ = {
			isa = PBXSourcesBuildPhase;
			buildActionMask = 0;
			files = (
				__src_cc_ref_Sources/IOStream/IOStream.swift /* IOStream.swift in Sources */,
				__src_cc_ref_Sources/IOStream/Pipe.swift /* Pipe.swift in Sources */,
			);
			runOnlyForDeploymentPostprocessing = 0;
		};
		CompilePhase_Log /* Sources */ = {
			isa = PBXSourcesBuildPhase;
			buildActionMask = 0;
			files = (
				"__src_cc_ref_Packages/Log-0.8.2/Source/Appender.swift" /* Appender.swift in Sources */,
				"__src_cc_ref_Packages/Log-0.8.2/Source/LocationInfo.swift" /* LocationInfo.swift in Sources */,
				"__src_cc_ref_Packages/Log-0.8.2/Source/Log.swift" /* Log.swift in Sources */,
				"__src_cc_ref_Packages/Log-0.8.2/Source/Logger.swift" /* Logger.swift in Sources */,
				"__src_cc_ref_Packages/Log-0.8.2/Source/LoggingEvent.swift" /* LoggingEvent.swift in Sources */,
				"__src_cc_ref_Packages/Log-0.8.2/Source/StandardOutputAppender.swift" /* StandardOutputAppender.swift in Sources */,
			);
			runOnlyForDeploymentPostprocessing = 0;
		};
		CompilePhase_POSIX /* Sources */ = {
			isa = PBXSourcesBuildPhase;
			buildActionMask = 0;
			files = (
				"__src_cc_ref_Packages/POSIX-0.5.1/Sources/POSIX.swift" /* POSIX.swift in Sources */,
			);
			runOnlyForDeploymentPostprocessing = 0;
		};
		CompilePhase_POSIXExtensions /* Sources */ = {
			isa = PBXSourcesBuildPhase;
			buildActionMask = 0;
			files = (
				__src_cc_ref_Sources/POSIXExtensions/FileDescriptor.swift /* FileDescriptor.swift in Sources */,
				__src_cc_ref_Sources/POSIXExtensions/Socket.swift /* Socket.swift in Sources */,
			);
			runOnlyForDeploymentPostprocessing = 0;
		};
		CompilePhase_Reactive /* Sources */ = {
			isa = PBXSourcesBuildPhase;
			buildActionMask = 0;
			files = (
				"__src_cc_ref_Packages/Reactive-0.0.6/Sources/Bag.swift" /* Bag.swift in Sources */,
				"__src_cc_ref_Packages/Reactive-0.0.6/Sources/ColdSignal.swift" /* ColdSignal.swift in Sources */,
				"__src_cc_ref_Packages/Reactive-0.0.6/Sources/Disposable.swift" /* Disposable.swift in Sources */,
				"__src_cc_ref_Packages/Reactive-0.0.6/Sources/Event.swift" /* Event.swift in Sources */,
				"__src_cc_ref_Packages/Reactive-0.0.6/Sources/Observer.swift" /* Observer.swift in Sources */,
				"__src_cc_ref_Packages/Reactive-0.0.6/Sources/Signal.swift" /* Signal.swift in Sources */,
			);
			runOnlyForDeploymentPostprocessing = 0;
		};
		CompilePhase_RunLoop /* Sources */ = {
			isa = PBXSourcesBuildPhase;
			buildActionMask = 0;
			files = (
				__src_cc_ref_Sources/RunLoop/RunLoop.swift /* RunLoop.swift in Sources */,
			);
			runOnlyForDeploymentPostprocessing = 0;
		};
		CompilePhase_TCP /* Sources */ = {
			isa = PBXSourcesBuildPhase;
			buildActionMask = 0;
			files = (
				__src_cc_ref_Sources/TCP/Server.swift /* Server.swift in Sources */,
				__src_cc_ref_Sources/TCP/Socket.swift /* Socket.swift in Sources */,
			);
			runOnlyForDeploymentPostprocessing = 0;
		};
		CompilePhase_TCPTestSuite /* Sources */ = {
			isa = PBXSourcesBuildPhase;
			buildActionMask = 0;
			files = (
				__src_cc_ref_Tests/TCP/Tests.swift /* Tests.swift in Sources */,
			);
			runOnlyForDeploymentPostprocessing = 0;
		};
/* End PBXSourcesBuildPhase section */

/* Begin PBXTargetDependency section */
		__Dependency_C7 /* PBXTargetDependency */ = {
			isa = PBXTargetDependency;
			target = "______Target_C7" /* C7 */;
			targetProxy = DCFA2DA61D17BEAC00422425 /* PBXContainerItemProxy */;
		};
		__Dependency_IOStream /* PBXTargetDependency */ = {
			isa = PBXTargetDependency;
			target = "______Target_IOStream" /* IOStream */;
			targetProxy = DCFA2DAC1D17BEAC00422425 /* PBXContainerItemProxy */;
		};
		__Dependency_Log /* PBXTargetDependency */ = {
			isa = PBXTargetDependency;
			target = "______Target_Log" /* Log */;
			targetProxy = DCFA2DA71D17BEAC00422425 /* PBXContainerItemProxy */;
		};
		__Dependency_POSIX /* PBXTargetDependency */ = {
			isa = PBXTargetDependency;
			target = "______Target_POSIX" /* POSIX */;
			targetProxy = DCFA2DA81D17BEAC00422425 /* PBXContainerItemProxy */;
		};
		__Dependency_POSIXExtensions /* PBXTargetDependency */ = {
			isa = PBXTargetDependency;
			target = "______Target_POSIXExtensions" /* POSIXExtensions */;
			targetProxy = DCFA2DAB1D17BEAC00422425 /* PBXContainerItemProxy */;
		};
		__Dependency_Reactive /* PBXTargetDependency */ = {
			isa = PBXTargetDependency;
			target = "______Target_Reactive" /* Reactive */;
			targetProxy = DCFA2DA91D17BEAC00422425 /* PBXContainerItemProxy */;
		};
		__Dependency_RunLoop /* PBXTargetDependency */ = {
			isa = PBXTargetDependency;
			target = "______Target_RunLoop" /* RunLoop */;
			targetProxy = DCFA2DAD1D17BEAC00422425 /* PBXContainerItemProxy */;
		};
		__Dependency_TCP /* PBXTargetDependency */ = {
			isa = PBXTargetDependency;
			target = "______Target_TCP" /* TCP */;
			targetProxy = DCFA2DAA1D17BEAC00422425 /* PBXContainerItemProxy */;
		};
/* End PBXTargetDependency section */

/* Begin XCBuildConfiguration section */
		_ReleaseConf_C7 /* Release */ = {
			isa = XCBuildConfiguration;
			buildSettings = {
				ENABLE_TESTABILITY = YES;
				INFOPLIST_FILE = Edge.xcodeproj/C7_Info.plist;
				LD_RUNPATH_SEARCH_PATHS = "$(TOOLCHAIN_DIR)/usr/lib/swift/macosx";
				OTHER_LDFLAGS = "$(inherited)";
				OTHER_SWIFT_FLAGS = "$(inherited)";
				PRODUCT_MODULE_NAME = "$(TARGET_NAME:c99extidentifier)";
				PRODUCT_NAME = "$(TARGET_NAME:c99extidentifier)";
			};
			name = Release;
		};
		_ReleaseConf_Edge /* Release */ = {
			isa = XCBuildConfiguration;
			buildSettings = {
				ENABLE_TESTABILITY = YES;
				INFOPLIST_FILE = Edge.xcodeproj/Edge_Info.plist;
				LD_RUNPATH_SEARCH_PATHS = "$(TOOLCHAIN_DIR)/usr/lib/swift/macosx";
				OTHER_LDFLAGS = "$(inherited)";
				OTHER_SWIFT_FLAGS = "$(inherited)";
				PRODUCT_MODULE_NAME = "$(TARGET_NAME:c99extidentifier)";
				PRODUCT_NAME = "$(TARGET_NAME:c99extidentifier)";
			};
			name = Release;
		};
		_ReleaseConf_IOStream /* Release */ = {
			isa = XCBuildConfiguration;
			buildSettings = {
				ENABLE_TESTABILITY = YES;
				INFOPLIST_FILE = Edge.xcodeproj/IOStream_Info.plist;
				LD_RUNPATH_SEARCH_PATHS = "$(TOOLCHAIN_DIR)/usr/lib/swift/macosx";
				OTHER_LDFLAGS = "$(inherited)";
				OTHER_SWIFT_FLAGS = "$(inherited)";
				PRODUCT_MODULE_NAME = "$(TARGET_NAME:c99extidentifier)";
				PRODUCT_NAME = "$(TARGET_NAME:c99extidentifier)";
			};
			name = Release;
		};
		_ReleaseConf_Log /* Release */ = {
			isa = XCBuildConfiguration;
			buildSettings = {
				ENABLE_TESTABILITY = YES;
				INFOPLIST_FILE = Edge.xcodeproj/Log_Info.plist;
				LD_RUNPATH_SEARCH_PATHS = "$(TOOLCHAIN_DIR)/usr/lib/swift/macosx";
				OTHER_LDFLAGS = "$(inherited)";
				OTHER_SWIFT_FLAGS = "$(inherited)";
				PRODUCT_MODULE_NAME = "$(TARGET_NAME:c99extidentifier)";
				PRODUCT_NAME = "$(TARGET_NAME:c99extidentifier)";
			};
			name = Release;
		};
		_ReleaseConf_POSIX /* Release */ = {
			isa = XCBuildConfiguration;
			buildSettings = {
				ENABLE_TESTABILITY = YES;
				INFOPLIST_FILE = Edge.xcodeproj/POSIX_Info.plist;
				LD_RUNPATH_SEARCH_PATHS = "$(TOOLCHAIN_DIR)/usr/lib/swift/macosx";
				OTHER_LDFLAGS = "$(inherited)";
				OTHER_SWIFT_FLAGS = "$(inherited)";
				PRODUCT_MODULE_NAME = "$(TARGET_NAME:c99extidentifier)";
				PRODUCT_NAME = "$(TARGET_NAME:c99extidentifier)";
			};
			name = Release;
		};
		_ReleaseConf_POSIXExtensions /* Release */ = {
			isa = XCBuildConfiguration;
			buildSettings = {
				ENABLE_TESTABILITY = YES;
				INFOPLIST_FILE = Edge.xcodeproj/POSIXExtensions_Info.plist;
				LD_RUNPATH_SEARCH_PATHS = "$(TOOLCHAIN_DIR)/usr/lib/swift/macosx";
				OTHER_LDFLAGS = "$(inherited)";
				OTHER_SWIFT_FLAGS = "$(inherited)";
				PRODUCT_MODULE_NAME = "$(TARGET_NAME:c99extidentifier)";
				PRODUCT_NAME = "$(TARGET_NAME:c99extidentifier)";
			};
			name = Release;
		};
		_ReleaseConf_Reactive /* Release */ = {
			isa = XCBuildConfiguration;
			buildSettings = {
				ENABLE_TESTABILITY = YES;
				INFOPLIST_FILE = Edge.xcodeproj/Reactive_Info.plist;
				LD_RUNPATH_SEARCH_PATHS = "$(TOOLCHAIN_DIR)/usr/lib/swift/macosx";
				OTHER_LDFLAGS = "$(inherited)";
				OTHER_SWIFT_FLAGS = "$(inherited)";
				PRODUCT_MODULE_NAME = "$(TARGET_NAME:c99extidentifier)";
				PRODUCT_NAME = "$(TARGET_NAME:c99extidentifier)";
			};
			name = Release;
		};
		_ReleaseConf_RunLoop /* Release */ = {
			isa = XCBuildConfiguration;
			buildSettings = {
				ENABLE_TESTABILITY = YES;
				INFOPLIST_FILE = Edge.xcodeproj/RunLoop_Info.plist;
				LD_RUNPATH_SEARCH_PATHS = "$(TOOLCHAIN_DIR)/usr/lib/swift/macosx";
				OTHER_LDFLAGS = "$(inherited)";
				OTHER_SWIFT_FLAGS = "$(inherited)";
				PRODUCT_MODULE_NAME = "$(TARGET_NAME:c99extidentifier)";
				PRODUCT_NAME = "$(TARGET_NAME:c99extidentifier)";
			};
			name = Release;
		};
		_ReleaseConf_TCP /* Release */ = {
			isa = XCBuildConfiguration;
			buildSettings = {
				ENABLE_TESTABILITY = YES;
				INFOPLIST_FILE = Edge.xcodeproj/TCP_Info.plist;
				LD_RUNPATH_SEARCH_PATHS = "$(TOOLCHAIN_DIR)/usr/lib/swift/macosx";
				OTHER_LDFLAGS = "$(inherited)";
				OTHER_SWIFT_FLAGS = "$(inherited)";
				PRODUCT_MODULE_NAME = "$(TARGET_NAME:c99extidentifier)";
				PRODUCT_NAME = "$(TARGET_NAME:c99extidentifier)";
			};
			name = Release;
		};
		_ReleaseConf_TCPTestSuite /* Release */ = {
			isa = XCBuildConfiguration;
			buildSettings = {
				EMBEDDED_CONTENT_CONTAINS_SWIFT = YES;
				INFOPLIST_FILE = Edge.xcodeproj/TCPTestSuite_Info.plist;
				LD_RUNPATH_SEARCH_PATHS = "@loader_path/../Frameworks";
				OTHER_LDFLAGS = "$(inherited)";
				OTHER_SWIFT_FLAGS = "$(inherited)";
			};
			name = Release;
		};
		"___DebugConf_C7" /* Debug */ = {
			isa = XCBuildConfiguration;
			buildSettings = {
				ENABLE_TESTABILITY = YES;
				INFOPLIST_FILE = Edge.xcodeproj/C7_Info.plist;
				LD_RUNPATH_SEARCH_PATHS = "$(TOOLCHAIN_DIR)/usr/lib/swift/macosx";
				OTHER_LDFLAGS = "$(inherited)";
				OTHER_SWIFT_FLAGS = "$(inherited)";
				PRODUCT_MODULE_NAME = "$(TARGET_NAME:c99extidentifier)";
				PRODUCT_NAME = "$(TARGET_NAME:c99extidentifier)";
				SWIFT_OPTIMIZATION_LEVEL = "-Onone";
			};
			name = Debug;
		};
		"___DebugConf_Edge" /* Debug */ = {
			isa = XCBuildConfiguration;
			buildSettings = {
				ENABLE_TESTABILITY = YES;
				INFOPLIST_FILE = Edge.xcodeproj/Edge_Info.plist;
				LD_RUNPATH_SEARCH_PATHS = "$(TOOLCHAIN_DIR)/usr/lib/swift/macosx";
				OTHER_LDFLAGS = "$(inherited)";
				OTHER_SWIFT_FLAGS = "$(inherited)";
				PRODUCT_MODULE_NAME = "$(TARGET_NAME:c99extidentifier)";
				PRODUCT_NAME = "$(TARGET_NAME:c99extidentifier)";
				SWIFT_OPTIMIZATION_LEVEL = "-Onone";
			};
			name = Debug;
		};
		"___DebugConf_IOStream" /* Debug */ = {
			isa = XCBuildConfiguration;
			buildSettings = {
				ENABLE_TESTABILITY = YES;
				INFOPLIST_FILE = Edge.xcodeproj/IOStream_Info.plist;
				LD_RUNPATH_SEARCH_PATHS = "$(TOOLCHAIN_DIR)/usr/lib/swift/macosx";
				OTHER_LDFLAGS = "$(inherited)";
				OTHER_SWIFT_FLAGS = "$(inherited)";
				PRODUCT_MODULE_NAME = "$(TARGET_NAME:c99extidentifier)";
				PRODUCT_NAME = "$(TARGET_NAME:c99extidentifier)";
				SWIFT_OPTIMIZATION_LEVEL = "-Onone";
			};
			name = Debug;
		};
		"___DebugConf_Log" /* Debug */ = {
			isa = XCBuildConfiguration;
			buildSettings = {
				ENABLE_TESTABILITY = YES;
				INFOPLIST_FILE = Edge.xcodeproj/Log_Info.plist;
				LD_RUNPATH_SEARCH_PATHS = "$(TOOLCHAIN_DIR)/usr/lib/swift/macosx";
				OTHER_LDFLAGS = "$(inherited)";
				OTHER_SWIFT_FLAGS = "$(inherited)";
				PRODUCT_MODULE_NAME = "$(TARGET_NAME:c99extidentifier)";
				PRODUCT_NAME = "$(TARGET_NAME:c99extidentifier)";
				SWIFT_OPTIMIZATION_LEVEL = "-Onone";
			};
			name = Debug;
		};
		"___DebugConf_POSIX" /* Debug */ = {
			isa = XCBuildConfiguration;
			buildSettings = {
				ENABLE_TESTABILITY = YES;
				INFOPLIST_FILE = Edge.xcodeproj/POSIX_Info.plist;
				LD_RUNPATH_SEARCH_PATHS = "$(TOOLCHAIN_DIR)/usr/lib/swift/macosx";
				OTHER_LDFLAGS = "$(inherited)";
				OTHER_SWIFT_FLAGS = "$(inherited)";
				PRODUCT_MODULE_NAME = "$(TARGET_NAME:c99extidentifier)";
				PRODUCT_NAME = "$(TARGET_NAME:c99extidentifier)";
				SWIFT_OPTIMIZATION_LEVEL = "-Onone";
			};
			name = Debug;
		};
		"___DebugConf_POSIXExtensions" /* Debug */ = {
			isa = XCBuildConfiguration;
			buildSettings = {
				ENABLE_TESTABILITY = YES;
				INFOPLIST_FILE = Edge.xcodeproj/POSIXExtensions_Info.plist;
				LD_RUNPATH_SEARCH_PATHS = "$(TOOLCHAIN_DIR)/usr/lib/swift/macosx";
				OTHER_LDFLAGS = "$(inherited)";
				OTHER_SWIFT_FLAGS = "$(inherited)";
				PRODUCT_MODULE_NAME = "$(TARGET_NAME:c99extidentifier)";
				PRODUCT_NAME = "$(TARGET_NAME:c99extidentifier)";
				SWIFT_OPTIMIZATION_LEVEL = "-Onone";
			};
			name = Debug;
		};
		"___DebugConf_Reactive" /* Debug */ = {
			isa = XCBuildConfiguration;
			buildSettings = {
				ENABLE_TESTABILITY = YES;
				INFOPLIST_FILE = Edge.xcodeproj/Reactive_Info.plist;
				LD_RUNPATH_SEARCH_PATHS = "$(TOOLCHAIN_DIR)/usr/lib/swift/macosx";
				OTHER_LDFLAGS = "$(inherited)";
				OTHER_SWIFT_FLAGS = "$(inherited)";
				PRODUCT_MODULE_NAME = "$(TARGET_NAME:c99extidentifier)";
				PRODUCT_NAME = "$(TARGET_NAME:c99extidentifier)";
				SWIFT_OPTIMIZATION_LEVEL = "-Onone";
			};
			name = Debug;
		};
		"___DebugConf_RunLoop" /* Debug */ = {
			isa = XCBuildConfiguration;
			buildSettings = {
				ENABLE_TESTABILITY = YES;
				INFOPLIST_FILE = Edge.xcodeproj/RunLoop_Info.plist;
				LD_RUNPATH_SEARCH_PATHS = "$(TOOLCHAIN_DIR)/usr/lib/swift/macosx";
				OTHER_LDFLAGS = "$(inherited)";
				OTHER_SWIFT_FLAGS = "$(inherited)";
				PRODUCT_MODULE_NAME = "$(TARGET_NAME:c99extidentifier)";
				PRODUCT_NAME = "$(TARGET_NAME:c99extidentifier)";
				SWIFT_OPTIMIZATION_LEVEL = "-Onone";
			};
			name = Debug;
		};
		"___DebugConf_TCP" /* Debug */ = {
			isa = XCBuildConfiguration;
			buildSettings = {
				ENABLE_TESTABILITY = YES;
				INFOPLIST_FILE = Edge.xcodeproj/TCP_Info.plist;
				LD_RUNPATH_SEARCH_PATHS = "$(TOOLCHAIN_DIR)/usr/lib/swift/macosx";
				OTHER_LDFLAGS = "$(inherited)";
				OTHER_SWIFT_FLAGS = "$(inherited)";
				PRODUCT_MODULE_NAME = "$(TARGET_NAME:c99extidentifier)";
				PRODUCT_NAME = "$(TARGET_NAME:c99extidentifier)";
				SWIFT_OPTIMIZATION_LEVEL = "-Onone";
			};
			name = Debug;
		};
		"___DebugConf_TCPTestSuite" /* Debug */ = {
			isa = XCBuildConfiguration;
			buildSettings = {
				EMBEDDED_CONTENT_CONTAINS_SWIFT = YES;
				INFOPLIST_FILE = Edge.xcodeproj/TCPTestSuite_Info.plist;
				LD_RUNPATH_SEARCH_PATHS = "@loader_path/../Frameworks";
				OTHER_LDFLAGS = "$(inherited)";
				OTHER_SWIFT_FLAGS = "$(inherited)";
				SWIFT_OPTIMIZATION_LEVEL = "-Onone";
			};
			name = Debug;
		};
		"_____Release_" /* Release */ = {
			isa = XCBuildConfiguration;
			baseConfigurationReference = __PBXFileRef_Edge.xcodeproj/Configs/Project.xcconfig /* Project.xcconfig */;
			buildSettings = {
			};
			name = Release;
		};
		"_______Debug_" /* Debug */ = {
			isa = XCBuildConfiguration;
			baseConfigurationReference = __PBXFileRef_Edge.xcodeproj/Configs/Project.xcconfig /* Project.xcconfig */;
			buildSettings = {
			};
			name = Debug;
		};
/* End XCBuildConfiguration section */

/* Begin XCConfigurationList section */
		"___RootConfs_" /* Build configuration list for PBXProject "Edge" */ = {
			isa = XCConfigurationList;
			buildConfigurations = (
				"_______Debug_" /* Debug */,
				"_____Release_" /* Release */,
			);
			defaultConfigurationIsVisible = 0;
			defaultConfigurationName = Debug;
		};
		"_______Confs_C7" /* Build configuration list for PBXNativeTarget "C7" */ = {
			isa = XCConfigurationList;
			buildConfigurations = (
				"___DebugConf_C7" /* Debug */,
				_ReleaseConf_C7 /* Release */,
			);
			defaultConfigurationIsVisible = 0;
			defaultConfigurationName = Debug;
		};
		"_______Confs_Edge" /* Build configuration list for PBXNativeTarget "Edge" */ = {
			isa = XCConfigurationList;
			buildConfigurations = (
				"___DebugConf_Edge" /* Debug */,
				_ReleaseConf_Edge /* Release */,
			);
			defaultConfigurationIsVisible = 0;
			defaultConfigurationName = Debug;
		};
		"_______Confs_IOStream" /* Build configuration list for PBXNativeTarget "IOStream" */ = {
			isa = XCConfigurationList;
			buildConfigurations = (
				"___DebugConf_IOStream" /* Debug */,
				_ReleaseConf_IOStream /* Release */,
			);
			defaultConfigurationIsVisible = 0;
			defaultConfigurationName = Debug;
		};
		"_______Confs_Log" /* Build configuration list for PBXNativeTarget "Log" */ = {
			isa = XCConfigurationList;
			buildConfigurations = (
				"___DebugConf_Log" /* Debug */,
				_ReleaseConf_Log /* Release */,
			);
			defaultConfigurationIsVisible = 0;
			defaultConfigurationName = Debug;
		};
		"_______Confs_POSIX" /* Build configuration list for PBXNativeTarget "POSIX" */ = {
			isa = XCConfigurationList;
			buildConfigurations = (
				"___DebugConf_POSIX" /* Debug */,
				_ReleaseConf_POSIX /* Release */,
			);
			defaultConfigurationIsVisible = 0;
			defaultConfigurationName = Debug;
		};
		"_______Confs_POSIXExtensions" /* Build configuration list for PBXNativeTarget "POSIXExtensions" */ = {
			isa = XCConfigurationList;
			buildConfigurations = (
				"___DebugConf_POSIXExtensions" /* Debug */,
				_ReleaseConf_POSIXExtensions /* Release */,
			);
			defaultConfigurationIsVisible = 0;
			defaultConfigurationName = Debug;
		};
		"_______Confs_Reactive" /* Build configuration list for PBXNativeTarget "Reactive" */ = {
			isa = XCConfigurationList;
			buildConfigurations = (
				"___DebugConf_Reactive" /* Debug */,
				_ReleaseConf_Reactive /* Release */,
			);
			defaultConfigurationIsVisible = 0;
			defaultConfigurationName = Debug;
		};
		"_______Confs_RunLoop" /* Build configuration list for PBXNativeTarget "RunLoop" */ = {
			isa = XCConfigurationList;
			buildConfigurations = (
				"___DebugConf_RunLoop" /* Debug */,
				_ReleaseConf_RunLoop /* Release */,
			);
			defaultConfigurationIsVisible = 0;
			defaultConfigurationName = Debug;
		};
		"_______Confs_TCP" /* Build configuration list for PBXNativeTarget "TCP" */ = {
			isa = XCConfigurationList;
			buildConfigurations = (
				"___DebugConf_TCP" /* Debug */,
				_ReleaseConf_TCP /* Release */,
			);
			defaultConfigurationIsVisible = 0;
			defaultConfigurationName = Debug;
		};
		"_______Confs_TCPTestSuite" /* Build configuration list for PBXNativeTarget "TCPTestSuite" */ = {
			isa = XCConfigurationList;
			buildConfigurations = (
				"___DebugConf_TCPTestSuite" /* Debug */,
				_ReleaseConf_TCPTestSuite /* Release */,
			);
			defaultConfigurationIsVisible = 0;
			defaultConfigurationName = Debug;
		};
/* End XCConfigurationList section */
	};
	rootObject = __RootObject_ /* Project object */;
}
